// !$*UTF8*$!
{
	archiveVersion = 1;
	classes = {
	};
	objectVersion = 56;
	objects = {

/* Begin PBXBuildFile section */
		0620EB3E2C0E2BAB00F9095D /* ItemsContainer.swift in Sources */ = {isa = PBXBuildFile; fileRef = 0620EB3D2C0E2BAB00F9095D /* ItemsContainer.swift */; };
		06A736802B2A3F8100324412 /* Food_Stores_v2App.swift in Sources */ = {isa = PBXBuildFile; fileRef = 06A7367F2B2A3F8100324412 /* Food_Stores_v2App.swift */; };
		06A736822B2A3F8100324412 /* ContentView.swift in Sources */ = {isa = PBXBuildFile; fileRef = 06A736812B2A3F8100324412 /* ContentView.swift */; };
		06A736842B2A3F8300324412 /* Assets.xcassets in Resources */ = {isa = PBXBuildFile; fileRef = 06A736832B2A3F8300324412 /* Assets.xcassets */; };
		06A736872B2A3F8300324412 /* Preview Assets.xcassets in Resources */ = {isa = PBXBuildFile; fileRef = 06A736862B2A3F8300324412 /* Preview Assets.xcassets */; };
		06A7368E2B2A3F9300324412 /* Item.swift in Sources */ = {isa = PBXBuildFile; fileRef = 06A7368D2B2A3F9300324412 /* Item.swift */; };
		06A736902B2A417600324412 /* FoodView.swift in Sources */ = {isa = PBXBuildFile; fileRef = 06A7368F2B2A417600324412 /* FoodView.swift */; };
		06A736942B2B6D3800324412 /* UpdateFoodView.swift in Sources */ = {isa = PBXBuildFile; fileRef = 06A736932B2B6D3800324412 /* UpdateFoodView.swift */; };
		06D5C08D2B475B6B00C044AA /* ModifyFoodView.swift in Sources */ = {isa = PBXBuildFile; fileRef = 06D5C08C2B475B6B00C044AA /* ModifyFoodView.swift */; };
		06D5C08F2B4762EE00C044AA /* CreateCategoryView.swift in Sources */ = {isa = PBXBuildFile; fileRef = 06D5C08E2B4762EE00C044AA /* CreateCategoryView.swift */; };
/* End PBXBuildFile section */

/* Begin PBXFileReference section */
		0620EB3D2C0E2BAB00F9095D /* ItemsContainer.swift */ = {isa = PBXFileReference; lastKnownFileType = sourcecode.swift; path = ItemsContainer.swift; sourceTree = "<group>"; };
		06A7367C2B2A3F8100324412 /* Food Stores v2.app */ = {isa = PBXFileReference; explicitFileType = wrapper.application; includeInIndex = 0; path = "Food Stores v2.app"; sourceTree = BUILT_PRODUCTS_DIR; };
		06A7367F2B2A3F8100324412 /* Food_Stores_v2App.swift */ = {isa = PBXFileReference; lastKnownFileType = sourcecode.swift; path = Food_Stores_v2App.swift; sourceTree = "<group>"; };
		06A736812B2A3F8100324412 /* ContentView.swift */ = {isa = PBXFileReference; lastKnownFileType = sourcecode.swift; path = ContentView.swift; sourceTree = "<group>"; };
		06A736832B2A3F8300324412 /* Assets.xcassets */ = {isa = PBXFileReference; lastKnownFileType = folder.assetcatalog; path = Assets.xcassets; sourceTree = "<group>"; };
		06A736862B2A3F8300324412 /* Preview Assets.xcassets */ = {isa = PBXFileReference; lastKnownFileType = folder.assetcatalog; path = "Preview Assets.xcassets"; sourceTree = "<group>"; };
		06A7368D2B2A3F9300324412 /* Item.swift */ = {isa = PBXFileReference; lastKnownFileType = sourcecode.swift; path = Item.swift; sourceTree = "<group>"; };
		06A7368F2B2A417600324412 /* FoodView.swift */ = {isa = PBXFileReference; lastKnownFileType = sourcecode.swift; path = FoodView.swift; sourceTree = "<group>"; };
		06A736932B2B6D3800324412 /* UpdateFoodView.swift */ = {isa = PBXFileReference; lastKnownFileType = sourcecode.swift; path = UpdateFoodView.swift; sourceTree = "<group>"; };
		06D5C08C2B475B6B00C044AA /* ModifyFoodView.swift */ = {isa = PBXFileReference; lastKnownFileType = sourcecode.swift; path = ModifyFoodView.swift; sourceTree = "<group>"; };
		06D5C08E2B4762EE00C044AA /* CreateCategoryView.swift */ = {isa = PBXFileReference; lastKnownFileType = sourcecode.swift; path = CreateCategoryView.swift; sourceTree = "<group>"; };
/* End PBXFileReference section */

/* Begin PBXFrameworksBuildPhase section */
		06A736792B2A3F8100324412 /* Frameworks */ = {
			isa = PBXFrameworksBuildPhase;
			buildActionMask = 2147483647;
			files = (
			);
			runOnlyForDeploymentPostprocessing = 0;
		};
/* End PBXFrameworksBuildPhase section */

/* Begin PBXGroup section */
		06A736732B2A3F8100324412 = {
			isa = PBXGroup;
			children = (
				06A7367E2B2A3F8100324412 /* Food Stores v2 */,
				06A7367D2B2A3F8100324412 /* Products */,
			);
			sourceTree = "<group>";
		};
		06A7367D2B2A3F8100324412 /* Products */ = {
			isa = PBXGroup;
			children = (
				06A7367C2B2A3F8100324412 /* Food Stores v2.app */,
			);
			name = Products;
			sourceTree = "<group>";
		};
		06A7367E2B2A3F8100324412 /* Food Stores v2 */ = {
			isa = PBXGroup;
			children = (
				06A7367F2B2A3F8100324412 /* Food_Stores_v2App.swift */,
				0620EB3D2C0E2BAB00F9095D /* ItemsContainer.swift */,
				06A736812B2A3F8100324412 /* ContentView.swift */,
				06A7368F2B2A417600324412 /* FoodView.swift */,
				06A736832B2A3F8300324412 /* Assets.xcassets */,
				06A7368D2B2A3F9300324412 /* Item.swift */,
				06A736852B2A3F8300324412 /* Preview Content */,
				06D5C08C2B475B6B00C044AA /* ModifyFoodView.swift */,
				06A736932B2B6D3800324412 /* UpdateFoodView.swift */,
				06D5C08E2B4762EE00C044AA /* CreateCategoryView.swift */,
			);
			path = "Food Stores v2";
			sourceTree = "<group>";
		};
		06A736852B2A3F8300324412 /* Preview Content */ = {
			isa = PBXGroup;
			children = (
				06A736862B2A3F8300324412 /* Preview Assets.xcassets */,
			);
			path = "Preview Content";
			sourceTree = "<group>";
		};
/* End PBXGroup section */

/* Begin PBXNativeTarget section */
		06A7367B2B2A3F8100324412 /* Food Stores v2 */ = {
			isa = PBXNativeTarget;
			buildConfigurationList = 06A7368A2B2A3F8300324412 /* Build configuration list for PBXNativeTarget "Food Stores v2" */;
			buildPhases = (
				06A736782B2A3F8100324412 /* Sources */,
				06A736792B2A3F8100324412 /* Frameworks */,
				06A7367A2B2A3F8100324412 /* Resources */,
			);
			buildRules = (
			);
			dependencies = (
			);
			name = "Food Stores v2";
			productName = "Food Stores v2";
			productReference = 06A7367C2B2A3F8100324412 /* Food Stores v2.app */;
			productType = "com.apple.product-type.application";
		};
/* End PBXNativeTarget section */

/* Begin PBXProject section */
		06A736742B2A3F8100324412 /* Project object */ = {
			isa = PBXProject;
			attributes = {
				BuildIndependentTargetsInParallel = 1;
				LastSwiftUpdateCheck = 1510;
				LastUpgradeCheck = 1510;
				TargetAttributes = {
					06A7367B2B2A3F8100324412 = {
						CreatedOnToolsVersion = 15.1;
					};
				};
			};
			buildConfigurationList = 06A736772B2A3F8100324412 /* Build configuration list for PBXProject "Food Stores v2" */;
			compatibilityVersion = "Xcode 14.0";
			developmentRegion = en;
			hasScannedForEncodings = 0;
			knownRegions = (
				en,
				Base,
			);
			mainGroup = 06A736732B2A3F8100324412;
			productRefGroup = 06A7367D2B2A3F8100324412 /* Products */;
			projectDirPath = "";
			projectRoot = "";
			targets = (
				06A7367B2B2A3F8100324412 /* Food Stores v2 */,
			);
		};
/* End PBXProject section */

/* Begin PBXResourcesBuildPhase section */
		06A7367A2B2A3F8100324412 /* Resources */ = {
			isa = PBXResourcesBuildPhase;
			buildActionMask = 2147483647;
			files = (
				06A736872B2A3F8300324412 /* Preview Assets.xcassets in Resources */,
				06A736842B2A3F8300324412 /* Assets.xcassets in Resources */,
			);
			runOnlyForDeploymentPostprocessing = 0;
		};
/* End PBXResourcesBuildPhase section */

/* Begin PBXSourcesBuildPhase section */
		06A736782B2A3F8100324412 /* Sources */ = {
			isa = PBXSourcesBuildPhase;
			buildActionMask = 2147483647;
			files = (
				06A736822B2A3F8100324412 /* ContentView.swift in Sources */,
				06A7368E2B2A3F9300324412 /* Item.swift in Sources */,
				06D5C08F2B4762EE00C044AA /* CreateCategoryView.swift in Sources */,
				06D5C08D2B475B6B00C044AA /* ModifyFoodView.swift in Sources */,
				0620EB3E2C0E2BAB00F9095D /* ItemsContainer.swift in Sources */,
				06A736902B2A417600324412 /* FoodView.swift in Sources */,
				06A736802B2A3F8100324412 /* Food_Stores_v2App.swift in Sources */,
				06A736942B2B6D3800324412 /* UpdateFoodView.swift in Sources */,
			);
			runOnlyForDeploymentPostprocessing = 0;
		};
/* End PBXSourcesBuildPhase section */

/* Begin XCBuildConfiguration section */
		06A736882B2A3F8300324412 /* Debug */ = {
			isa = XCBuildConfiguration;
			buildSettings = {
				ALWAYS_SEARCH_USER_PATHS = NO;
				ASSETCATALOG_COMPILER_GENERATE_SWIFT_ASSET_SYMBOL_EXTENSIONS = YES;
				CLANG_ANALYZER_NONNULL = YES;
				CLANG_ANALYZER_NUMBER_OBJECT_CONVERSION = YES_AGGRESSIVE;
				CLANG_CXX_LANGUAGE_STANDARD = "gnu++20";
				CLANG_ENABLE_MODULES = YES;
				CLANG_ENABLE_OBJC_ARC = YES;
				CLANG_ENABLE_OBJC_WEAK = YES;
				CLANG_WARN_BLOCK_CAPTURE_AUTORELEASING = YES;
				CLANG_WARN_BOOL_CONVERSION = YES;
				CLANG_WARN_COMMA = YES;
				CLANG_WARN_CONSTANT_CONVERSION = YES;
				CLANG_WARN_DEPRECATED_OBJC_IMPLEMENTATIONS = YES;
				CLANG_WARN_DIRECT_OBJC_ISA_USAGE = YES_ERROR;
				CLANG_WARN_DOCUMENTATION_COMMENTS = YES;
				CLANG_WARN_EMPTY_BODY = YES;
				CLANG_WARN_ENUM_CONVERSION = YES;
				CLANG_WARN_INFINITE_RECURSION = YES;
				CLANG_WARN_INT_CONVERSION = YES;
				CLANG_WARN_NON_LITERAL_NULL_CONVERSION = YES;
				CLANG_WARN_OBJC_IMPLICIT_RETAIN_SELF = YES;
				CLANG_WARN_OBJC_LITERAL_CONVERSION = YES;
				CLANG_WARN_OBJC_ROOT_CLASS = YES_ERROR;
				CLANG_WARN_QUOTED_INCLUDE_IN_FRAMEWORK_HEADER = YES;
				CLANG_WARN_RANGE_LOOP_ANALYSIS = YES;
				CLANG_WARN_STRICT_PROTOTYPES = YES;
				CLANG_WARN_SUSPICIOUS_MOVE = YES;
				CLANG_WARN_UNGUARDED_AVAILABILITY = YES_AGGRESSIVE;
				CLANG_WARN_UNREACHABLE_CODE = YES;
				CLANG_WARN__DUPLICATE_METHOD_MATCH = YES;
				COPY_PHASE_STRIP = NO;
				DEBUG_INFORMATION_FORMAT = dwarf;
				ENABLE_STRICT_OBJC_MSGSEND = YES;
				ENABLE_TESTABILITY = YES;
				ENABLE_USER_SCRIPT_SANDBOXING = YES;
				GCC_C_LANGUAGE_STANDARD = gnu17;
				GCC_DYNAMIC_NO_PIC = NO;
				GCC_NO_COMMON_BLOCKS = YES;
				GCC_OPTIMIZATION_LEVEL = 0;
				GCC_PREPROCESSOR_DEFINITIONS = (
					"DEBUG=1",
					"$(inherited)",
				);
				GCC_WARN_64_TO_32_BIT_CONVERSION = YES;
				GCC_WARN_ABOUT_RETURN_TYPE = YES_ERROR;
				GCC_WARN_UNDECLARED_SELECTOR = YES;
				GCC_WARN_UNINITIALIZED_AUTOS = YES_AGGRESSIVE;
				GCC_WARN_UNUSED_FUNCTION = YES;
				GCC_WARN_UNUSED_VARIABLE = YES;
				IPHONEOS_DEPLOYMENT_TARGET = 17.2;
				LOCALIZATION_PREFERS_STRING_CATALOGS = YES;
				MTL_ENABLE_DEBUG_INFO = INCLUDE_SOURCE;
				MTL_FAST_MATH = YES;
				ONLY_ACTIVE_ARCH = YES;
				SDKROOT = iphoneos;
				SWIFT_ACTIVE_COMPILATION_CONDITIONS = "DEBUG $(inherited)";
				SWIFT_OPTIMIZATION_LEVEL = "-Onone";
			};
			name = Debug;
		};
		06A736892B2A3F8300324412 /* Release */ = {
			isa = XCBuildConfiguration;
			buildSettings = {
				ALWAYS_SEARCH_USER_PATHS = NO;
				ASSETCATALOG_COMPILER_GENERATE_SWIFT_ASSET_SYMBOL_EXTENSIONS = YES;
				CLANG_ANALYZER_NONNULL = YES;
				CLANG_ANALYZER_NUMBER_OBJECT_CONVERSION = YES_AGGRESSIVE;
				CLANG_CXX_LANGUAGE_STANDARD = "gnu++20";
				CLANG_ENABLE_MODULES = YES;
				CLANG_ENABLE_OBJC_ARC = YES;
				CLANG_ENABLE_OBJC_WEAK = YES;
				CLANG_WARN_BLOCK_CAPTURE_AUTORELEASING = YES;
				CLANG_WARN_BOOL_CONVERSION = YES;
				CLANG_WARN_COMMA = YES;
				CLANG_WARN_CONSTANT_CONVERSION = YES;
				CLANG_WARN_DEPRECATED_OBJC_IMPLEMENTATIONS = YES;
				CLANG_WARN_DIRECT_OBJC_ISA_USAGE = YES_ERROR;
				CLANG_WARN_DOCUMENTATION_COMMENTS = YES;
				CLANG_WARN_EMPTY_BODY = YES;
				CLANG_WARN_ENUM_CONVERSION = YES;
				CLANG_WARN_INFINITE_RECURSION = YES;
				CLANG_WARN_INT_CONVERSION = YES;
				CLANG_WARN_NON_LITERAL_NULL_CONVERSION = YES;
				CLANG_WARN_OBJC_IMPLICIT_RETAIN_SELF = YES;
				CLANG_WARN_OBJC_LITERAL_CONVERSION = YES;
				CLANG_WARN_OBJC_ROOT_CLASS = YES_ERROR;
				CLANG_WARN_QUOTED_INCLUDE_IN_FRAMEWORK_HEADER = YES;
				CLANG_WARN_RANGE_LOOP_ANALYSIS = YES;
				CLANG_WARN_STRICT_PROTOTYPES = YES;
				CLANG_WARN_SUSPICIOUS_MOVE = YES;
				CLANG_WARN_UNGUARDED_AVAILABILITY = YES_AGGRESSIVE;
				CLANG_WARN_UNREACHABLE_CODE = YES;
				CLANG_WARN__DUPLICATE_METHOD_MATCH = YES;
				COPY_PHASE_STRIP = NO;
				DEBUG_INFORMATION_FORMAT = "dwarf-with-dsym";
				ENABLE_NS_ASSERTIONS = NO;
				ENABLE_STRICT_OBJC_MSGSEND = YES;
				ENABLE_USER_SCRIPT_SANDBOXING = YES;
				GCC_C_LANGUAGE_STANDARD = gnu17;
				GCC_NO_COMMON_BLOCKS = YES;
				GCC_WARN_64_TO_32_BIT_CONVERSION = YES;
				GCC_WARN_ABOUT_RETURN_TYPE = YES_ERROR;
				GCC_WARN_UNDECLARED_SELECTOR = YES;
				GCC_WARN_UNINITIALIZED_AUTOS = YES_AGGRESSIVE;
				GCC_WARN_UNUSED_FUNCTION = YES;
				GCC_WARN_UNUSED_VARIABLE = YES;
				IPHONEOS_DEPLOYMENT_TARGET = 17.2;
				LOCALIZATION_PREFERS_STRING_CATALOGS = YES;
				MTL_ENABLE_DEBUG_INFO = NO;
				MTL_FAST_MATH = YES;
				SDKROOT = iphoneos;
				SWIFT_COMPILATION_MODE = wholemodule;
				VALIDATE_PRODUCT = YES;
			};
			name = Release;
		};
		06A7368B2B2A3F8300324412 /* Debug */ = {
			isa = XCBuildConfiguration;
			buildSettings = {
				ASSETCATALOG_COMPILER_APPICON_NAME = AppIcon;
				ASSETCATALOG_COMPILER_GLOBAL_ACCENT_COLOR_NAME = AccentColor;
				CODE_SIGN_STYLE = Automatic;
				CURRENT_PROJECT_VERSION = 1;
				DEVELOPMENT_ASSET_PATHS = "\"Food Stores v2/Preview Content\"";
				DEVELOPMENT_TEAM = 287WFSH99F;
				ENABLE_PREVIEWS = YES;
				GENERATE_INFOPLIST_FILE = YES;
				INFOPLIST_KEY_UIApplicationSceneManifest_Generation = YES;
				INFOPLIST_KEY_UIApplicationSupportsIndirectInputEvents = YES;
				INFOPLIST_KEY_UILaunchScreen_Generation = YES;
				INFOPLIST_KEY_UISupportedInterfaceOrientations_iPad = "UIInterfaceOrientationPortrait UIInterfaceOrientationPortraitUpsideDown UIInterfaceOrientationLandscapeLeft UIInterfaceOrientationLandscapeRight";
				INFOPLIST_KEY_UISupportedInterfaceOrientations_iPhone = "UIInterfaceOrientationPortrait UIInterfaceOrientationLandscapeLeft UIInterfaceOrientationLandscapeRight";
				IPHONEOS_DEPLOYMENT_TARGET = 17.0;
				LD_RUNPATH_SEARCH_PATHS = (
					"$(inherited)",
					"@executable_path/Frameworks",
				);
				MARKETING_VERSION = 1.0;
				PRODUCT_BUNDLE_IDENTIFIER = "com.Statistic.Food-Stores-v2";
				PRODUCT_NAME = "$(TARGET_NAME)";
				SUPPORTED_PLATFORMS = "iphoneos iphonesimulator";
				SUPPORTS_MACCATALYST = NO;
				SUPPORTS_MAC_DESIGNED_FOR_IPHONE_IPAD = NO;
				SWIFT_EMIT_LOC_STRINGS = YES;
				SWIFT_VERSION = 5.0;
				TARGETED_DEVICE_FAMILY = 1;
			};
			name = Debug;
		};
		06A7368C2B2A3F8300324412 /* Release */ = {
			isa = XCBuildConfiguration;
			buildSettings = {
				ASSETCATALOG_COMPILER_APPICON_NAME = AppIcon;
				ASSETCATALOG_COMPILER_GLOBAL_ACCENT_COLOR_NAME = AccentColor;
				CODE_SIGN_STYLE = Automatic;
				CURRENT_PROJECT_VERSION = 1;
				DEVELOPMENT_ASSET_PATHS = "\"Food Stores v2/Preview Content\"";
				DEVELOPMENT_TEAM = 287WFSH99F;
				ENABLE_PREVIEWS = YES;
				GENERATE_INFOPLIST_FILE = YES;
				INFOPLIST_KEY_UIApplicationSceneManifest_Generation = YES;
				INFOPLIST_KEY_UIApplicationSupportsIndirectInputEvents = YES;
				INFOPLIST_KEY_UILaunchScreen_Generation = YES;
				INFOPLIST_KEY_UISupportedInterfaceOrientations_iPad = "UIInterfaceOrientationPortrait UIInterfaceOrientationPortraitUpsideDown UIInterfaceOrientationLandscapeLeft UIInterfaceOrientationLandscapeRight";
				INFOPLIST_KEY_UISupportedInterfaceOrientations_iPhone = "UIInterfaceOrientationPortrait UIInterfaceOrientationLandscapeLeft UIInterfaceOrientationLandscapeRight";
				IPHONEOS_DEPLOYMENT_TARGET = 17.0;
				LD_RUNPATH_SEARCH_PATHS = (
					"$(inherited)",
					"@executable_path/Frameworks",
				);
				MARKETING_VERSION = 1.0;
				PRODUCT_BUNDLE_IDENTIFIER = "com.Statistic.Food-Stores-v2";
				PRODUCT_NAME = "$(TARGET_NAME)";
				SUPPORTED_PLATFORMS = "iphoneos iphonesimulator";
				SUPPORTS_MACCATALYST = NO;
				SUPPORTS_MAC_DESIGNED_FOR_IPHONE_IPAD = NO;
				SWIFT_EMIT_LOC_STRINGS = YES;
				SWIFT_VERSION = 5.0;
				TARGETED_DEVICE_FAMILY = 1;
			};
			name = Release;
		};
/* End XCBuildConfiguration section */

/* Begin XCConfigurationList section */
		06A736772B2A3F8100324412 /* Build configuration list for PBXProject "Food Stores v2" */ = {
			isa = XCConfigurationList;
			buildConfigurations = (
				06A736882B2A3F8300324412 /* Debug */,
				06A736892B2A3F8300324412 /* Release */,
			);
			defaultConfigurationIsVisible = 0;
			defaultConfigurationName = Release;
		};
		06A7368A2B2A3F8300324412 /* Build configuration list for PBXNativeTarget "Food Stores v2" */ = {
			isa = XCConfigurationList;
			buildConfigurations = (
				06A7368B2B2A3F8300324412 /* Debug */,
				06A7368C2B2A3F8300324412 /* Release */,
			);
			defaultConfigurationIsVisible = 0;
			defaultConfigurationName = Release;
		};
/* End XCConfigurationList section */
	};
	rootObject = 06A736742B2A3F8100324412 /* Project object */;
}
